Microsoft Visual Studio Solution File, Format Version 12.00
# Visual Studio 15
VisualStudioVersion = 15.0.27130.2027
MinimumVisualStudioVersion = 10.0.40219.1
Project("{9A19103F-16F7-4668-BE54-9A1E7A4F7556}") = "Dotnet.Storm.Adapter", "src\main\dotnet\Dotnet.Storm.Adapter\Dotnet.Storm.Adapter.csproj", "{67D66201-8FF5-479A-8597-3C81356F0105}"
EndProject
Project("{9A19103F-16F7-4668-BE54-9A1E7A4F7556}") = "Dotnet.Storm.Example", "src\main\dotnet\Dotnet.Storm.Example\Dotnet.Storm.Example.csproj", "{17A1BFFA-5ABC-4113-9715-4F42C39E22B5}"
EndProject
Project("{9A19103F-16F7-4668-BE54-9A1E7A4F7556}") = "Dotnet.Storm.Test.Example", "src\main\dotnet\Dotnet.Storm.Test.Example\Dotnet.Storm.Test.Example.csproj", "{EA94AA9A-A4CE-4F3A-BEEC-181407890706}"
EndProject
Global
	GlobalSection(SolutionConfigurationPlatforms) = preSolution
		Debug|Any CPU = Debug|Any CPU
		Debug|x64 = Debug|x64
		Debug|x86 = Debug|x86
		Release|Any CPU = Release|Any CPU
		Release|x64 = Release|x64
		Release|x86 = Release|x86
	EndGlobalSection
	GlobalSection(ProjectConfigurationPlatforms) = postSolution
		{67D66201-8FF5-479A-8597-3C81356F0105}.Debug|Any CPU.ActiveCfg = Debug|Any CPU
		{67D66201-8FF5-479A-8597-3C81356F0105}.Debug|Any CPU.Build.0 = Debug|Any CPU
		{67D66201-8FF5-479A-8597-3C81356F0105}.Debug|x64.ActiveCfg = Debug|Any CPU
		{67D66201-8FF5-479A-8597-3C81356F0105}.Debug|x64.Build.0 = Debug|Any CPU
		{67D66201-8FF5-479A-8597-3C81356F0105}.Debug|x86.ActiveCfg = Debug|Any CPU
		{67D66201-8FF5-479A-8597-3C81356F0105}.Debug|x86.Build.0 = Debug|Any CPU
		{67D66201-8FF5-479A-8597-3C81356F0105}.Release|Any CPU.ActiveCfg = Release|Any CPU
		{67D66201-8FF5-479A-8597-3C81356F0105}.Release|Any CPU.Build.0 = Release|Any CPU
		{67D66201-8FF5-479A-8597-3C81356F0105}.Release|x64.ActiveCfg = Release|Any CPU
		{67D66201-8FF5-479A-8597-3C81356F0105}.Release|x64.Build.0 = Release|Any CPU
		{67D66201-8FF5-479A-8597-3C81356F0105}.Release|x86.ActiveCfg = Release|Any CPU
		{67D66201-8FF5-479A-8597-3C81356F0105}.Release|x86.Build.0 = Release|Any CPU
		{17A1BFFA-5ABC-4113-9715-4F42C39E22B5}.Debug|Any CPU.ActiveCfg = Debug|Any CPU
		{17A1BFFA-5ABC-4113-9715-4F42C39E22B5}.Debug|Any CPU.Build.0 = Debug|Any CPU
		{17A1BFFA-5ABC-4113-9715-4F42C39E22B5}.Debug|x64.ActiveCfg = Debug|Any CPU
		{17A1BFFA-5ABC-4113-9715-4F42C39E22B5}.Debug|x64.Build.0 = Debug|Any CPU
		{17A1BFFA-5ABC-4113-9715-4F42C39E22B5}.Debug|x86.ActiveCfg = Debug|Any CPU
		{17A1BFFA-5ABC-4113-9715-4F42C39E22B5}.Debug|x86.Build.0 = Debug|Any CPU
		{17A1BFFA-5ABC-4113-9715-4F42C39E22B5}.Release|Any CPU.ActiveCfg = Release|Any CPU
		{17A1BFFA-5ABC-4113-9715-4F42C39E22B5}.Release|Any CPU.Build.0 = Release|Any CPU
		{17A1BFFA-5ABC-4113-9715-4F42C39E22B5}.Release|x64.ActiveCfg = Release|Any CPU
		{17A1BFFA-5ABC-4113-9715-4F42C39E22B5}.Release|x64.Build.0 = Release|Any CPU
		{17A1BFFA-5ABC-4113-9715-4F42C39E22B5}.Release|x86.ActiveCfg = Release|Any CPU
		{17A1BFFA-5ABC-4113-9715-4F42C39E22B5}.Release|x86.Build.0 = Release|Any CPU
		{EA94AA9A-A4CE-4F3A-BEEC-181407890706}.Debug|Any CPU.ActiveCfg = Debug|Any CPU
		{EA94AA9A-A4CE-4F3A-BEEC-181407890706}.Debug|Any CPU.Build.0 = Debug|Any CPU
		{EA94AA9A-A4CE-4F3A-BEEC-181407890706}.Debug|x64.ActiveCfg = Debug|Any CPU
		{EA94AA9A-A4CE-4F3A-BEEC-181407890706}.Debug|x64.Build.0 = Debug|Any CPU
		{EA94AA9A-A4CE-4F3A-BEEC-181407890706}.Debug|x86.ActiveCfg = Debug|Any CPU
		{EA94AA9A-A4CE-4F3A-BEEC-181407890706}.Debug|x86.Build.0 = Debug|Any CPU
		{EA94AA9A-A4CE-4F3A-BEEC-181407890706}.Release|Any CPU.ActiveCfg = Release|Any CPU
		{EA94AA9A-A4CE-4F3A-BEEC-181407890706}.Release|Any CPU.Build.0 = Release|Any CPU
		{EA94AA9A-A4CE-4F3A-BEEC-181407890706}.Release|x64.ActiveCfg = Release|Any CPU
		{EA94AA9A-A4CE-4F3A-BEEC-181407890706}.Release|x64.Build.0 = Release|Any CPU
		{EA94AA9A-A4CE-4F3A-BEEC-181407890706}.Release|x86.ActiveCfg = Release|Any CPU
		{EA94AA9A-A4CE-4F3A-BEEC-181407890706}.Release|x86.Build.0 = Release|Any CPU
	EndGlobalSection
	GlobalSection(SolutionProperties) = preSolution
		HideSolutionNode = FALSE
	EndGlobalSection
	GlobalSection(NestedProjects) = preSolution
		{CEBCD3D4-7FF3-4A46-B1E9-10C6B414FAF6} = {DDA27457-90CE-4B5A-B1CC-4DBF8CDAA611}
		{0DD97289-D44F-4423-BFF7-3670706B7A01} = {CEBCD3D4-7FF3-4A46-B1E9-10C6B414FAF6}
		{EA94AA9A-A4CE-4F3A-BEEC-181407890706} = {0DD97289-D44F-4423-BFF7-3670706B7A01}
	EndGlobalSection
	GlobalSection(ExtensibilityGlobals) = postSolution
		SolutionGuid = {2229CA29-556A-41EF-AEF3-063A58B34367}
	EndGlobalSection
EndGlobal
